
Microsoft Visual Studio Solution File, Format Version 12.00
# Visual Studio 2013
VisualStudioVersion = 12.0.40629.0
MinimumVisualStudioVersion = 10.0.40219.1
Project("{FAE04EC0-301F-11D3-BF4B-00C04F79EFBC}") = "Ans-01DayMonthYear", "Ans-01DayMonthYear.csproj", "{918F4ECF-14E6-4661-A031-4AA1F2D4077B}"
EndProject
Global
	GlobalSection(SolutionConfigurationPlatforms) = preSolution
		Debug|Any CPU = Debug|Any CPU
		Release|Any CPU = Release|Any CPU
	EndGlobalSection
	GlobalSection(ProjectConfigurationPlatforms) = postSolution
		{918F4ECF-14E6-4661-A031-4AA1F2D4077B}.Debug|Any CPU.ActiveCfg = Debug|Any CPU
		{918F4ECF-14E6-4661-A031-4AA1F2D4077B}.Debug|Any CPU.Build.0 = Debug|Any CPU
		{918F4ECF-14E6-4661-A031-4AA1F2D4077B}.Release|Any CPU.ActiveCfg = Release|Any CPU
		{918F4ECF-14E6-4661-A031-4AA1F2D4077B}.Release|Any CPU.Build.0 = Release|Any CPU
	EndGlobalSection
	GlobalSection(SolutionProperties) = preSolution
		HideSolutionNode = FALSE
	EndGlobalSection
EndGlobal
